// !$*UTF8*$!
{
	archiveVersion = 1;
	classes = {
	};
	objectVersion = 56;
	objects = {

/* Begin PBXBuildFile section */
		5B4116852A3FB74E00363D23 /* hundredDaysSwiftUIApp.swift in Sources */ = {isa = PBXBuildFile; fileRef = 5B4116842A3FB74E00363D23 /* hundredDaysSwiftUIApp.swift */; };
		5B4116872A3FB74E00363D23 /* WeSplit.swift in Sources */ = {isa = PBXBuildFile; fileRef = 5B4116862A3FB74E00363D23 /* WeSplit.swift */; };
		5B4116892A3FB74F00363D23 /* Assets.xcassets in Resources */ = {isa = PBXBuildFile; fileRef = 5B4116882A3FB74F00363D23 /* Assets.xcassets */; };
		5B41168C2A3FB74F00363D23 /* Preview Assets.xcassets in Resources */ = {isa = PBXBuildFile; fileRef = 5B41168B2A3FB74F00363D23 /* Preview Assets.xcassets */; };
		5B5AF31D2A40DBA50081DE8B /* ProjectSelector.swift in Sources */ = {isa = PBXBuildFile; fileRef = 5B5AF31C2A40DBA50081DE8B /* ProjectSelector.swift */; };
		5B5AF31F2A40E2600081DE8B /* Project.swift in Sources */ = {isa = PBXBuildFile; fileRef = 5B5AF31E2A40E2600081DE8B /* Project.swift */; };
		5B5AF3222A40E56D0081DE8B /* Conversion.swift in Sources */ = {isa = PBXBuildFile; fileRef = 5B5AF3212A40E56D0081DE8B /* Conversion.swift */; };
		5B7B40092A69DB820067C748 /* FlagCode.swift in Sources */ = {isa = PBXBuildFile; fileRef = 5B7B40082A69DB820067C748 /* FlagCode.swift */; };
		5B7B400B2A69DB8C0067C748 /* GridStack.swift in Sources */ = {isa = PBXBuildFile; fileRef = 5B7B400A2A69DB8C0067C748 /* GridStack.swift */; };
		5B7B400D2A69DB950067C748 /* Flags.swift in Sources */ = {isa = PBXBuildFile; fileRef = 5B7B400C2A69DB950067C748 /* Flags.swift */; };
		5B7B40112A69DC1C0067C748 /* LeveledModifier.swift in Sources */ = {isa = PBXBuildFile; fileRef = 5B7B40102A69DC1C0067C748 /* LeveledModifier.swift */; };
		5B7B40132A69DC220067C748 /* FlagImage.swift in Sources */ = {isa = PBXBuildFile; fileRef = 5B7B40122A69DC220067C748 /* FlagImage.swift */; };
		5B7B40172A69DF2B0067C748 /* Words.swift in Sources */ = {isa = PBXBuildFile; fileRef = 5B7B40162A69DF2B0067C748 /* Words.swift */; };
		5B7B40192A69DF3B0067C748 /* Scramble.swift in Sources */ = {isa = PBXBuildFile; fileRef = 5B7B40182A69DF3B0067C748 /* Scramble.swift */; };
		5BEB1A122A425FF500B026D9 /* RockPaperScissors.swift in Sources */ = {isa = PBXBuildFile; fileRef = 5BEB1A112A425FF500B026D9 /* RockPaperScissors.swift */; };
/* End PBXBuildFile section */

/* Begin PBXFileReference section */
		5B4116812A3FB74E00363D23 /* hundredDaysSwiftUI.app */ = {isa = PBXFileReference; explicitFileType = wrapper.application; includeInIndex = 0; path = hundredDaysSwiftUI.app; sourceTree = BUILT_PRODUCTS_DIR; };
		5B4116842A3FB74E00363D23 /* hundredDaysSwiftUIApp.swift */ = {isa = PBXFileReference; lastKnownFileType = sourcecode.swift; path = hundredDaysSwiftUIApp.swift; sourceTree = "<group>"; };
		5B4116862A3FB74E00363D23 /* WeSplit.swift */ = {isa = PBXFileReference; lastKnownFileType = sourcecode.swift; path = WeSplit.swift; sourceTree = "<group>"; };
		5B4116882A3FB74F00363D23 /* Assets.xcassets */ = {isa = PBXFileReference; lastKnownFileType = folder.assetcatalog; path = Assets.xcassets; sourceTree = "<group>"; };
		5B41168B2A3FB74F00363D23 /* Preview Assets.xcassets */ = {isa = PBXFileReference; lastKnownFileType = folder.assetcatalog; path = "Preview Assets.xcassets"; sourceTree = "<group>"; };
		5B41168D2A3FB74F00363D23 /* hundredDaysSwiftUI.entitlements */ = {isa = PBXFileReference; lastKnownFileType = text.plist.entitlements; path = hundredDaysSwiftUI.entitlements; sourceTree = "<group>"; };
		5B5AF31C2A40DBA50081DE8B /* ProjectSelector.swift */ = {isa = PBXFileReference; lastKnownFileType = sourcecode.swift; path = ProjectSelector.swift; sourceTree = "<group>"; };
		5B5AF31E2A40E2600081DE8B /* Project.swift */ = {isa = PBXFileReference; lastKnownFileType = sourcecode.swift; path = Project.swift; sourceTree = "<group>"; };
		5B5AF3212A40E56D0081DE8B /* Conversion.swift */ = {isa = PBXFileReference; lastKnownFileType = sourcecode.swift; path = Conversion.swift; sourceTree = "<group>"; };
		5B7B40082A69DB820067C748 /* FlagCode.swift */ = {isa = PBXFileReference; fileEncoding = 4; lastKnownFileType = sourcecode.swift; path = FlagCode.swift; sourceTree = "<group>"; };
		5B7B400A2A69DB8C0067C748 /* GridStack.swift */ = {isa = PBXFileReference; fileEncoding = 4; lastKnownFileType = sourcecode.swift; path = GridStack.swift; sourceTree = "<group>"; };
		5B7B400C2A69DB950067C748 /* Flags.swift */ = {isa = PBXFileReference; fileEncoding = 4; lastKnownFileType = sourcecode.swift; path = Flags.swift; sourceTree = "<group>"; };
		5B7B40102A69DC1C0067C748 /* LeveledModifier.swift */ = {isa = PBXFileReference; fileEncoding = 4; lastKnownFileType = sourcecode.swift; path = LeveledModifier.swift; sourceTree = "<group>"; };
		5B7B40122A69DC220067C748 /* FlagImage.swift */ = {isa = PBXFileReference; fileEncoding = 4; lastKnownFileType = sourcecode.swift; path = FlagImage.swift; sourceTree = "<group>"; };
		5B7B40142A69DEE60067C748 /* Animations.swiftpm */ = {isa = PBXFileReference; lastKnownFileType = wrapper; name = Animations.swiftpm; path = "../../../../../Library/Mobile Documents/iCloud~com~apple~Playgrounds/Documents/Animations.swiftpm"; sourceTree = "<group>"; };
		5B7B40162A69DF2B0067C748 /* Words.swift */ = {isa = PBXFileReference; fileEncoding = 4; lastKnownFileType = sourcecode.swift; path = Words.swift; sourceTree = "<group>"; };
		5B7B40182A69DF3B0067C748 /* Scramble.swift */ = {isa = PBXFileReference; fileEncoding = 4; lastKnownFileType = sourcecode.swift; path = Scramble.swift; sourceTree = "<group>"; };
		5BEB1A112A425FF500B026D9 /* RockPaperScissors.swift */ = {isa = PBXFileReference; lastKnownFileType = sourcecode.swift; path = RockPaperScissors.swift; sourceTree = "<group>"; };
/* End PBXFileReference section */

/* Begin PBXFrameworksBuildPhase section */
		5B41167E2A3FB74E00363D23 /* Frameworks */ = {
			isa = PBXFrameworksBuildPhase;
			buildActionMask = 2147483647;
			files = (
			);
			runOnlyForDeploymentPostprocessing = 0;
		};
/* End PBXFrameworksBuildPhase section */

/* Begin PBXGroup section */
		5B4116782A3FB74E00363D23 = {
			isa = PBXGroup;
			children = (
				5B4116832A3FB74E00363D23 /* hundredDaysSwiftUI */,
				5B4116822A3FB74E00363D23 /* Products */,
			);
			sourceTree = "<group>";
		};
		5B4116822A3FB74E00363D23 /* Products */ = {
			isa = PBXGroup;
			children = (
				5B4116812A3FB74E00363D23 /* hundredDaysSwiftUI.app */,
			);
			name = Products;
			sourceTree = "<group>";
		};
		5B4116832A3FB74E00363D23 /* hundredDaysSwiftUI */ = {
			isa = PBXGroup;
			children = (
				5B4116842A3FB74E00363D23 /* hundredDaysSwiftUIApp.swift */,
				5B5AF3202A40E28E0081DE8B /* ProjectHandling */,
				5B5AF31B2A40DA040081DE8B /* Projects */,
				5B4116882A3FB74F00363D23 /* Assets.xcassets */,
				5B41168D2A3FB74F00363D23 /* hundredDaysSwiftUI.entitlements */,
				5B41168A2A3FB74F00363D23 /* Preview Content */,
			);
			path = hundredDaysSwiftUI;
			sourceTree = "<group>";
		};
		5B41168A2A3FB74F00363D23 /* Preview Content */ = {
			isa = PBXGroup;
			children = (
				5B41168B2A3FB74F00363D23 /* Preview Assets.xcassets */,
			);
			path = "Preview Content";
			sourceTree = "<group>";
		};
		5B5AF31B2A40DA040081DE8B /* Projects */ = {
			isa = PBXGroup;
			children = (
				5B7B40152A69DF140067C748 /* Scramble */,
				5B7B40142A69DEE60067C748 /* Animations.swiftpm */,
				5B4116862A3FB74E00363D23 /* WeSplit.swift */,
				5B5AF3212A40E56D0081DE8B /* Conversion.swift */,
				5B7B40072A69DB6D0067C748 /* Flags */,
				5BEB1A112A425FF500B026D9 /* RockPaperScissors.swift */,
			);
			path = Projects;
			sourceTree = "<group>";
		};
		5B5AF3202A40E28E0081DE8B /* ProjectHandling */ = {
			isa = PBXGroup;
			children = (
				5B5AF31C2A40DBA50081DE8B /* ProjectSelector.swift */,
				5B5AF31E2A40E2600081DE8B /* Project.swift */,
			);
			path = ProjectHandling;
			sourceTree = "<group>";
		};
		5B7B40072A69DB6D0067C748 /* Flags */ = {
			isa = PBXGroup;
			children = (
				5B7B400F2A69DC120067C748 /* Modifiers */,
				5B7B400E2A69DC040067C748 /* CustomView */,
				5B7B400C2A69DB950067C748 /* Flags.swift */,
				5B7B400A2A69DB8C0067C748 /* GridStack.swift */,
				5B7B40082A69DB820067C748 /* FlagCode.swift */,
			);
			path = Flags;
			sourceTree = "<group>";
		};
		5B7B400E2A69DC040067C748 /* CustomView */ = {
			isa = PBXGroup;
			children = (
				5B7B40122A69DC220067C748 /* FlagImage.swift */,
			);
			path = CustomView;
			sourceTree = "<group>";
		};
		5B7B400F2A69DC120067C748 /* Modifiers */ = {
			isa = PBXGroup;
			children = (
				5B7B40102A69DC1C0067C748 /* LeveledModifier.swift */,
			);
			path = Modifiers;
			sourceTree = "<group>";
		};
		5B7B40152A69DF140067C748 /* Scramble */ = {
			isa = PBXGroup;
			children = (
				5B7B40182A69DF3B0067C748 /* Scramble.swift */,
				5B7B40162A69DF2B0067C748 /* Words.swift */,
			);
			path = Scramble;
			sourceTree = "<group>";
		};
/* End PBXGroup section */

/* Begin PBXNativeTarget section */
		5B4116802A3FB74E00363D23 /* hundredDaysSwiftUI */ = {
			isa = PBXNativeTarget;
			buildConfigurationList = 5B4116902A3FB74F00363D23 /* Build configuration list for PBXNativeTarget "hundredDaysSwiftUI" */;
			buildPhases = (
				5B41167D2A3FB74E00363D23 /* Sources */,
				5B41167E2A3FB74E00363D23 /* Frameworks */,
				5B41167F2A3FB74E00363D23 /* Resources */,
			);
			buildRules = (
			);
			dependencies = (
			);
			name = hundredDaysSwiftUI;
			productName = hundredDaysSwiftUI.WeSplit;
			productReference = 5B4116812A3FB74E00363D23 /* hundredDaysSwiftUI.app */;
			productType = "com.apple.product-type.application";
		};
/* End PBXNativeTarget section */

/* Begin PBXProject section */
		5B4116792A3FB74E00363D23 /* Project object */ = {
			isa = PBXProject;
			attributes = {
				BuildIndependentTargetsInParallel = 1;
				LastSwiftUpdateCheck = 1430;
				LastUpgradeCheck = 1430;
				TargetAttributes = {
					5B4116802A3FB74E00363D23 = {
						CreatedOnToolsVersion = 14.3.1;
					};
				};
			};
			buildConfigurationList = 5B41167C2A3FB74E00363D23 /* Build configuration list for PBXProject "hundredDaysSwiftUI" */;
			compatibilityVersion = "Xcode 14.0";
			developmentRegion = en;
			hasScannedForEncodings = 0;
			knownRegions = (
				en,
				Base,
			);
			mainGroup = 5B4116782A3FB74E00363D23;
			productRefGroup = 5B4116822A3FB74E00363D23 /* Products */;
			projectDirPath = "";
			projectRoot = "";
			targets = (
				5B4116802A3FB74E00363D23 /* hundredDaysSwiftUI */,
			);
		};
/* End PBXProject section */

/* Begin PBXResourcesBuildPhase section */
		5B41167F2A3FB74E00363D23 /* Resources */ = {
			isa = PBXResourcesBuildPhase;
			buildActionMask = 2147483647;
			files = (
				5B41168C2A3FB74F00363D23 /* Preview Assets.xcassets in Resources */,
				5B4116892A3FB74F00363D23 /* Assets.xcassets in Resources */,
			);
			runOnlyForDeploymentPostprocessing = 0;
		};
/* End PBXResourcesBuildPhase section */

/* Begin PBXSourcesBuildPhase section */
		5B41167D2A3FB74E00363D23 /* Sources */ = {
			isa = PBXSourcesBuildPhase;
			buildActionMask = 2147483647;
			files = (
				5B5AF31D2A40DBA50081DE8B /* ProjectSelector.swift in Sources */,
				5B5AF3222A40E56D0081DE8B /* Conversion.swift in Sources */,
				5B7B400B2A69DB8C0067C748 /* GridStack.swift in Sources */,
				5BEB1A122A425FF500B026D9 /* RockPaperScissors.swift in Sources */,
				5B4116872A3FB74E00363D23 /* WeSplit.swift in Sources */,
				5B7B400D2A69DB950067C748 /* Flags.swift in Sources */,
				5B7B40132A69DC220067C748 /* FlagImage.swift in Sources */,
				5B7B40112A69DC1C0067C748 /* LeveledModifier.swift in Sources */,
				5B4116852A3FB74E00363D23 /* hundredDaysSwiftUIApp.swift in Sources */,
				5B7B40172A69DF2B0067C748 /* Words.swift in Sources */,
				5B7B40192A69DF3B0067C748 /* Scramble.swift in Sources */,
				5B7B40092A69DB820067C748 /* FlagCode.swift in Sources */,
				5B5AF31F2A40E2600081DE8B /* Project.swift in Sources */,
			);
			runOnlyForDeploymentPostprocessing = 0;
		};
/* End PBXSourcesBuildPhase section */

/* Begin XCBuildConfiguration section */
		5B41168E2A3FB74F00363D23 /* Debug */ = {
			isa = XCBuildConfiguration;
			buildSettings = {
				ALWAYS_SEARCH_USER_PATHS = NO;
				CLANG_ANALYZER_NONNULL = YES;
				CLANG_ANALYZER_NUMBER_OBJECT_CONVERSION = YES_AGGRESSIVE;
				CLANG_CXX_LANGUAGE_STANDARD = "gnu++20";
				CLANG_ENABLE_MODULES = YES;
				CLANG_ENABLE_OBJC_ARC = YES;
				CLANG_ENABLE_OBJC_WEAK = YES;
				CLANG_WARN_BLOCK_CAPTURE_AUTORELEASING = YES;
				CLANG_WARN_BOOL_CONVERSION = YES;
				CLANG_WARN_COMMA = YES;
				CLANG_WARN_CONSTANT_CONVERSION = YES;
				CLANG_WARN_DEPRECATED_OBJC_IMPLEMENTATIONS = YES;
				CLANG_WARN_DIRECT_OBJC_ISA_USAGE = YES_ERROR;
				CLANG_WARN_DOCUMENTATION_COMMENTS = YES;
				CLANG_WARN_EMPTY_BODY = YES;
				CLANG_WARN_ENUM_CONVERSION = YES;
				CLANG_WARN_INFINITE_RECURSION = YES;
				CLANG_WARN_INT_CONVERSION = YES;
				CLANG_WARN_NON_LITERAL_NULL_CONVERSION = YES;
				CLANG_WARN_OBJC_IMPLICIT_RETAIN_SELF = YES;
				CLANG_WARN_OBJC_LITERAL_CONVERSION = YES;
				CLANG_WARN_OBJC_ROOT_CLASS = YES_ERROR;
				CLANG_WARN_QUOTED_INCLUDE_IN_FRAMEWORK_HEADER = YES;
				CLANG_WARN_RANGE_LOOP_ANALYSIS = YES;
				CLANG_WARN_STRICT_PROTOTYPES = YES;
				CLANG_WARN_SUSPICIOUS_MOVE = YES;
				CLANG_WARN_UNGUARDED_AVAILABILITY = YES_AGGRESSIVE;
				CLANG_WARN_UNREACHABLE_CODE = YES;
				CLANG_WARN__DUPLICATE_METHOD_MATCH = YES;
				COPY_PHASE_STRIP = NO;
				DEBUG_INFORMATION_FORMAT = dwarf;
				ENABLE_STRICT_OBJC_MSGSEND = YES;
				ENABLE_TESTABILITY = YES;
				GCC_C_LANGUAGE_STANDARD = gnu11;
				GCC_DYNAMIC_NO_PIC = NO;
				GCC_NO_COMMON_BLOCKS = YES;
				GCC_OPTIMIZATION_LEVEL = 0;
				GCC_PREPROCESSOR_DEFINITIONS = (
					"DEBUG=1",
					"$(inherited)",
				);
				GCC_WARN_64_TO_32_BIT_CONVERSION = YES;
				GCC_WARN_ABOUT_RETURN_TYPE = YES_ERROR;
				GCC_WARN_UNDECLARED_SELECTOR = YES;
				GCC_WARN_UNINITIALIZED_AUTOS = YES_AGGRESSIVE;
				GCC_WARN_UNUSED_FUNCTION = YES;
				GCC_WARN_UNUSED_VARIABLE = YES;
				IPHONEOS_DEPLOYMENT_TARGET = 16.0;
				MTL_ENABLE_DEBUG_INFO = INCLUDE_SOURCE;
				MTL_FAST_MATH = YES;
				ONLY_ACTIVE_ARCH = YES;
				SDKROOT = iphoneos;
				SWIFT_ACTIVE_COMPILATION_CONDITIONS = DEBUG;
				SWIFT_OPTIMIZATION_LEVEL = "-Onone";
			};
			name = Debug;
		};
		5B41168F2A3FB74F00363D23 /* Release */ = {
			isa = XCBuildConfiguration;
			buildSettings = {
				ALWAYS_SEARCH_USER_PATHS = NO;
				CLANG_ANALYZER_NONNULL = YES;
				CLANG_ANALYZER_NUMBER_OBJECT_CONVERSION = YES_AGGRESSIVE;
				CLANG_CXX_LANGUAGE_STANDARD = "gnu++20";
				CLANG_ENABLE_MODULES = YES;
				CLANG_ENABLE_OBJC_ARC = YES;
				CLANG_ENABLE_OBJC_WEAK = YES;
				CLANG_WARN_BLOCK_CAPTURE_AUTORELEASING = YES;
				CLANG_WARN_BOOL_CONVERSION = YES;
				CLANG_WARN_COMMA = YES;
				CLANG_WARN_CONSTANT_CONVERSION = YES;
				CLANG_WARN_DEPRECATED_OBJC_IMPLEMENTATIONS = YES;
				CLANG_WARN_DIRECT_OBJC_ISA_USAGE = YES_ERROR;
				CLANG_WARN_DOCUMENTATION_COMMENTS = YES;
				CLANG_WARN_EMPTY_BODY = YES;
				CLANG_WARN_ENUM_CONVERSION = YES;
				CLANG_WARN_INFINITE_RECURSION = YES;
				CLANG_WARN_INT_CONVERSION = YES;
				CLANG_WARN_NON_LITERAL_NULL_CONVERSION = YES;
				CLANG_WARN_OBJC_IMPLICIT_RETAIN_SELF = YES;
				CLANG_WARN_OBJC_LITERAL_CONVERSION = YES;
				CLANG_WARN_OBJC_ROOT_CLASS = YES_ERROR;
				CLANG_WARN_QUOTED_INCLUDE_IN_FRAMEWORK_HEADER = YES;
				CLANG_WARN_RANGE_LOOP_ANALYSIS = YES;
				CLANG_WARN_STRICT_PROTOTYPES = YES;
				CLANG_WARN_SUSPICIOUS_MOVE = YES;
				CLANG_WARN_UNGUARDED_AVAILABILITY = YES_AGGRESSIVE;
				CLANG_WARN_UNREACHABLE_CODE = YES;
				CLANG_WARN__DUPLICATE_METHOD_MATCH = YES;
				COPY_PHASE_STRIP = NO;
				DEBUG_INFORMATION_FORMAT = "dwarf-with-dsym";
				ENABLE_NS_ASSERTIONS = NO;
				ENABLE_STRICT_OBJC_MSGSEND = YES;
				GCC_C_LANGUAGE_STANDARD = gnu11;
				GCC_NO_COMMON_BLOCKS = YES;
				GCC_WARN_64_TO_32_BIT_CONVERSION = YES;
				GCC_WARN_ABOUT_RETURN_TYPE = YES_ERROR;
				GCC_WARN_UNDECLARED_SELECTOR = YES;
				GCC_WARN_UNINITIALIZED_AUTOS = YES_AGGRESSIVE;
				GCC_WARN_UNUSED_FUNCTION = YES;
				GCC_WARN_UNUSED_VARIABLE = YES;
				IPHONEOS_DEPLOYMENT_TARGET = 16.0;
				MTL_ENABLE_DEBUG_INFO = NO;
				MTL_FAST_MATH = YES;
				SDKROOT = iphoneos;
				SWIFT_COMPILATION_MODE = wholemodule;
				SWIFT_OPTIMIZATION_LEVEL = "-O";
			};
			name = Release;
		};
		5B4116912A3FB74F00363D23 /* Debug */ = {
			isa = XCBuildConfiguration;
			buildSettings = {
				ASSETCATALOG_COMPILER_APPICON_NAME = AppIcon;
				ASSETCATALOG_COMPILER_GLOBAL_ACCENT_COLOR_NAME = AccentColor;
				CODE_SIGN_ENTITLEMENTS = hundredDaysSwiftUI/hundredDaysSwiftUI.entitlements;
				CODE_SIGN_IDENTITY = "Apple Development";
				CODE_SIGN_STYLE = Automatic;
				COMBINE_HIDPI_IMAGES = YES;
				CURRENT_PROJECT_VERSION = 1;
				DEVELOPMENT_ASSET_PATHS = "\"hundredDaysSwiftUI/Preview Content\"";
				DEVELOPMENT_TEAM = 4UYDLNWF3R;
				ENABLE_HARDENED_RUNTIME = YES;
				ENABLE_PREVIEWS = YES;
				GENERATE_INFOPLIST_FILE = YES;
				INFOPLIST_KEY_LSApplicationCategoryType = "public.app-category.education";
				INFOPLIST_KEY_NSHumanReadableCopyright = "";
				INFOPLIST_KEY_UILaunchStoryboardName = "";
				INFOPLIST_KEY_UISupportedInterfaceOrientations = UIInterfaceOrientationPortrait;
				IPHONEOS_DEPLOYMENT_TARGET = 16.0;
				LD_RUNPATH_SEARCH_PATHS = (
					"$(inherited)",
					"@executable_path/../Frameworks",
				);
				MARKETING_VERSION = 1.0;
				PRODUCT_BUNDLE_IDENTIFIER = dev.halonso.hundredDaysSwiftUI;
				PRODUCT_NAME = "$(TARGET_NAME)";
				PROVISIONING_PROFILE_SPECIFIER = "";
				SUPPORTED_PLATFORMS = "iphoneos iphonesimulator";
				SUPPORTS_MACCATALYST = NO;
				SUPPORTS_MAC_DESIGNED_FOR_IPHONE_IPAD = YES;
				SWIFT_EMIT_LOC_STRINGS = YES;
				SWIFT_VERSION = 5.0;
				TARGETED_DEVICE_FAMILY = 1;
			};
			name = Debug;
		};
		5B4116922A3FB74F00363D23 /* Release */ = {
			isa = XCBuildConfiguration;
			buildSettings = {
				ASSETCATALOG_COMPILER_APPICON_NAME = AppIcon;
				ASSETCATALOG_COMPILER_GLOBAL_ACCENT_COLOR_NAME = AccentColor;
				CODE_SIGN_ENTITLEMENTS = hundredDaysSwiftUI/hundredDaysSwiftUI.entitlements;
				CODE_SIGN_IDENTITY = "Apple Development";
				CODE_SIGN_STYLE = Automatic;
				COMBINE_HIDPI_IMAGES = YES;
				CURRENT_PROJECT_VERSION = 1;
				DEVELOPMENT_ASSET_PATHS = "\"hundredDaysSwiftUI/Preview Content\"";
				DEVELOPMENT_TEAM = 4UYDLNWF3R;
				ENABLE_HARDENED_RUNTIME = YES;
				ENABLE_PREVIEWS = YES;
				GENERATE_INFOPLIST_FILE = YES;
				INFOPLIST_KEY_LSApplicationCategoryType = "public.app-category.education";
				INFOPLIST_KEY_NSHumanReadableCopyright = "";
				INFOPLIST_KEY_UILaunchStoryboardName = "";
				INFOPLIST_KEY_UISupportedInterfaceOrientations = UIInterfaceOrientationPortrait;
				IPHONEOS_DEPLOYMENT_TARGET = 16.0;
				LD_RUNPATH_SEARCH_PATHS = (
					"$(inherited)",
					"@executable_path/../Frameworks",
				);
				MARKETING_VERSION = 1.0;
				PRODUCT_BUNDLE_IDENTIFIER = dev.halonso.hundredDaysSwiftUI;
				PRODUCT_NAME = "$(TARGET_NAME)";
				PROVISIONING_PROFILE_SPECIFIER = "";
				SUPPORTED_PLATFORMS = "iphoneos iphonesimulator";
				SUPPORTS_MACCATALYST = NO;
				SUPPORTS_MAC_DESIGNED_FOR_IPHONE_IPAD = YES;
				SWIFT_EMIT_LOC_STRINGS = YES;
				SWIFT_VERSION = 5.0;
				TARGETED_DEVICE_FAMILY = 1;
			};
			name = Release;
		};
/* End XCBuildConfiguration section */

/* Begin XCConfigurationList section */
		5B41167C2A3FB74E00363D23 /* Build configuration list for PBXProject "hundredDaysSwiftUI" */ = {
			isa = XCConfigurationList;
			buildConfigurations = (
				5B41168E2A3FB74F00363D23 /* Debug */,
				5B41168F2A3FB74F00363D23 /* Release */,
			);
			defaultConfigurationIsVisible = 0;
			defaultConfigurationName = Release;
		};
		5B4116902A3FB74F00363D23 /* Build configuration list for PBXNativeTarget "hundredDaysSwiftUI" */ = {
			isa = XCConfigurationList;
			buildConfigurations = (
				5B4116912A3FB74F00363D23 /* Debug */,
				5B4116922A3FB74F00363D23 /* Release */,
			);
			defaultConfigurationIsVisible = 0;
			defaultConfigurationName = Release;
		};
/* End XCConfigurationList section */
	};
	rootObject = 5B4116792A3FB74E00363D23 /* Project object */;
}
